// !$*UTF8*$!
{
	archiveVersion = 1;
	classes = {
	};
	objectVersion = 50;
	objects = {

/* Begin PBXBuildFile section */
		C9643A6A25E6C3A60038B764 /* SwiftUIListApp.swift in Sources */ = {isa = PBXBuildFile; fileRef = C9643A5725E6C3A40038B764 /* SwiftUIListApp.swift */; };
		C9643A6B25E6C3A60038B764 /* SwiftUIListApp.swift in Sources */ = {isa = PBXBuildFile; fileRef = C9643A5725E6C3A40038B764 /* SwiftUIListApp.swift */; };
		C9643A6C25E6C3A60038B764 /* ContentView.swift in Sources */ = {isa = PBXBuildFile; fileRef = C9643A5825E6C3A40038B764 /* ContentView.swift */; };
		C9643A6D25E6C3A60038B764 /* ContentView.swift in Sources */ = {isa = PBXBuildFile; fileRef = C9643A5825E6C3A40038B764 /* ContentView.swift */; };
		C9643A6E25E6C3A60038B764 /* Assets.xcassets in Resources */ = {isa = PBXBuildFile; fileRef = C9643A5925E6C3A60038B764 /* Assets.xcassets */; };
		C9643A6F25E6C3A60038B764 /* Assets.xcassets in Resources */ = {isa = PBXBuildFile; fileRef = C9643A5925E6C3A60038B764 /* Assets.xcassets */; };
		C9643A7B25E6C3BA0038B764 /* ContentView1.swift in Sources */ = {isa = PBXBuildFile; fileRef = C9643A7A25E6C3BA0038B764 /* ContentView1.swift */; };
		C9643A7C25E6C3BA0038B764 /* ContentView1.swift in Sources */ = {isa = PBXBuildFile; fileRef = C9643A7A25E6C3BA0038B764 /* ContentView1.swift */; };
		C9643A8025E6C3C40038B764 /* ContentView2.swift in Sources */ = {isa = PBXBuildFile; fileRef = C9643A7F25E6C3C40038B764 /* ContentView2.swift */; };
		C9643A8125E6C3C40038B764 /* ContentView2.swift in Sources */ = {isa = PBXBuildFile; fileRef = C9643A7F25E6C3C40038B764 /* ContentView2.swift */; };
		C9643A8525E6C3CE0038B764 /* ContentView3.swift in Sources */ = {isa = PBXBuildFile; fileRef = C9643A8425E6C3CE0038B764 /* ContentView3.swift */; };
		C9643A8625E6C3CE0038B764 /* ContentView3.swift in Sources */ = {isa = PBXBuildFile; fileRef = C9643A8425E6C3CE0038B764 /* ContentView3.swift */; };
		C9643A8A25E6C3DA0038B764 /* ContentView4.swift in Sources */ = {isa = PBXBuildFile; fileRef = C9643A8925E6C3DA0038B764 /* ContentView4.swift */; };
		C9643A8B25E6C3DA0038B764 /* ContentView4.swift in Sources */ = {isa = PBXBuildFile; fileRef = C9643A8925E6C3DA0038B764 /* ContentView4.swift */; };
/* End PBXBuildFile section */

/* Begin PBXFileReference section */
		C9643A5725E6C3A40038B764 /* SwiftUIListApp.swift */ = {isa = PBXFileReference; lastKnownFileType = sourcecode.swift; path = SwiftUIListApp.swift; sourceTree = "<group>"; };
		C9643A5825E6C3A40038B764 /* ContentView.swift */ = {isa = PBXFileReference; lastKnownFileType = sourcecode.swift; path = ContentView.swift; sourceTree = "<group>"; };
		C9643A5925E6C3A60038B764 /* Assets.xcassets */ = {isa = PBXFileReference; lastKnownFileType = folder.assetcatalog; path = Assets.xcassets; sourceTree = "<group>"; };
		C9643A5E25E6C3A60038B764 /* SwiftUIList.app */ = {isa = PBXFileReference; explicitFileType = wrapper.application; includeInIndex = 0; path = SwiftUIList.app; sourceTree = BUILT_PRODUCTS_DIR; };
		C9643A6125E6C3A60038B764 /* Info.plist */ = {isa = PBXFileReference; lastKnownFileType = text.plist.xml; path = Info.plist; sourceTree = "<group>"; };
		C9643A6625E6C3A60038B764 /* SwiftUIList.app */ = {isa = PBXFileReference; explicitFileType = wrapper.application; includeInIndex = 0; path = SwiftUIList.app; sourceTree = BUILT_PRODUCTS_DIR; };
		C9643A6825E6C3A60038B764 /* Info.plist */ = {isa = PBXFileReference; lastKnownFileType = text.plist.xml; path = Info.plist; sourceTree = "<group>"; };
		C9643A6925E6C3A60038B764 /* macOS.entitlements */ = {isa = PBXFileReference; lastKnownFileType = text.plist.entitlements; path = macOS.entitlements; sourceTree = "<group>"; };
		C9643A7A25E6C3BA0038B764 /* ContentView1.swift */ = {isa = PBXFileReference; lastKnownFileType = sourcecode.swift; path = ContentView1.swift; sourceTree = "<group>"; };
		C9643A7F25E6C3C40038B764 /* ContentView2.swift */ = {isa = PBXFileReference; lastKnownFileType = sourcecode.swift; path = ContentView2.swift; sourceTree = "<group>"; };
		C9643A8425E6C3CE0038B764 /* ContentView3.swift */ = {isa = PBXFileReference; lastKnownFileType = sourcecode.swift; path = ContentView3.swift; sourceTree = "<group>"; };
		C9643A8925E6C3DA0038B764 /* ContentView4.swift */ = {isa = PBXFileReference; lastKnownFileType = sourcecode.swift; path = ContentView4.swift; sourceTree = "<group>"; };
/* End PBXFileReference section */

/* Begin PBXFrameworksBuildPhase section */
		C9643A5B25E6C3A60038B764 /* Frameworks */ = {
			isa = PBXFrameworksBuildPhase;
			buildActionMask = 2147483647;
			files = (
			);
			runOnlyForDeploymentPostprocessing = 0;
		};
		C9643A6325E6C3A60038B764 /* Frameworks */ = {
			isa = PBXFrameworksBuildPhase;
			buildActionMask = 2147483647;
			files = (
			);
			runOnlyForDeploymentPostprocessing = 0;
		};
/* End PBXFrameworksBuildPhase section */

/* Begin PBXGroup section */
		C9643A5125E6C3A40038B764 = {
			isa = PBXGroup;
			children = (
				C9643A5625E6C3A40038B764 /* Shared */,
				C9643A6025E6C3A60038B764 /* iOS */,
				C9643A6725E6C3A60038B764 /* macOS */,
				C9643A5F25E6C3A60038B764 /* Products */,
			);
			sourceTree = "<group>";
		};
		C9643A5625E6C3A40038B764 /* Shared */ = {
			isa = PBXGroup;
			children = (
				C9643A5725E6C3A40038B764 /* SwiftUIListApp.swift */,
				C9643A5825E6C3A40038B764 /* ContentView.swift */,
				C9643A7A25E6C3BA0038B764 /* ContentView1.swift */,
				C9643A7F25E6C3C40038B764 /* ContentView2.swift */,
				C9643A8425E6C3CE0038B764 /* ContentView3.swift */,
				C9643A8925E6C3DA0038B764 /* ContentView4.swift */,
				C9643A5925E6C3A60038B764 /* Assets.xcassets */,
			);
			path = Shared;
			sourceTree = "<group>";
		};
		C9643A5F25E6C3A60038B764 /* Products */ = {
			isa = PBXGroup;
			children = (
				C9643A5E25E6C3A60038B764 /* SwiftUIList.app */,
				C9643A6625E6C3A60038B764 /* SwiftUIList.app */,
			);
			name = Products;
			sourceTree = "<group>";
		};
		C9643A6025E6C3A60038B764 /* iOS */ = {
			isa = PBXGroup;
			children = (
				C9643A6125E6C3A60038B764 /* Info.plist */,
			);
			path = iOS;
			sourceTree = "<group>";
		};
		C9643A6725E6C3A60038B764 /* macOS */ = {
			isa = PBXGroup;
			children = (
				C9643A6825E6C3A60038B764 /* Info.plist */,
				C9643A6925E6C3A60038B764 /* macOS.entitlements */,
			);
			path = macOS;
			sourceTree = "<group>";
		};
/* End PBXGroup section */

/* Begin PBXNativeTarget section */
		C9643A5D25E6C3A60038B764 /* SwiftUIList (iOS) */ = {
			isa = PBXNativeTarget;
			buildConfigurationList = C9643A7225E6C3A60038B764 /* Build configuration list for PBXNativeTarget "SwiftUIList (iOS)" */;
			buildPhases = (
				C9643A5A25E6C3A60038B764 /* Sources */,
				C9643A5B25E6C3A60038B764 /* Frameworks */,
				C9643A5C25E6C3A60038B764 /* Resources */,
			);
			buildRules = (
			);
			dependencies = (
			);
			name = "SwiftUIList (iOS)";
			productName = "SwiftUIList (iOS)";
			productReference = C9643A5E25E6C3A60038B764 /* SwiftUIList.app */;
			productType = "com.apple.product-type.application";
		};
		C9643A6525E6C3A60038B764 /* SwiftUIList (macOS) */ = {
			isa = PBXNativeTarget;
			buildConfigurationList = C9643A7525E6C3A60038B764 /* Build configuration list for PBXNativeTarget "SwiftUIList (macOS)" */;
			buildPhases = (
				C9643A6225E6C3A60038B764 /* Sources */,
				C9643A6325E6C3A60038B764 /* Frameworks */,
				C9643A6425E6C3A60038B764 /* Resources */,
			);
			buildRules = (
			);
			dependencies = (
			);
			name = "SwiftUIList (macOS)";
			productName = "SwiftUIList (macOS)";
			productReference = C9643A6625E6C3A60038B764 /* SwiftUIList.app */;
			productType = "com.apple.product-type.application";
		};
/* End PBXNativeTarget section */

/* Begin PBXProject section */
		C9643A5225E6C3A40038B764 /* Project object */ = {
			isa = PBXProject;
			attributes = {
				LastSwiftUpdateCheck = 1240;
				LastUpgradeCheck = 1240;
				TargetAttributes = {
					C9643A5D25E6C3A60038B764 = {
						CreatedOnToolsVersion = 12.4;
					};
					C9643A6525E6C3A60038B764 = {
						CreatedOnToolsVersion = 12.4;
					};
				};
			};
			buildConfigurationList = C9643A5525E6C3A40038B764 /* Build configuration list for PBXProject "SwiftUIList" */;
			compatibilityVersion = "Xcode 9.3";
			developmentRegion = en;
			hasScannedForEncodings = 0;
			knownRegions = (
				en,
				Base,
			);
			mainGroup = C9643A5125E6C3A40038B764;
			productRefGroup = C9643A5F25E6C3A60038B764 /* Products */;
			projectDirPath = "";
			projectRoot = "";
			targets = (
				C9643A5D25E6C3A60038B764 /* SwiftUIList (iOS) */,
				C9643A6525E6C3A60038B764 /* SwiftUIList (macOS) */,
			);
		};
/* End PBXProject section */

/* Begin PBXResourcesBuildPhase section */
		C9643A5C25E6C3A60038B764 /* Resources */ = {
			isa = PBXResourcesBuildPhase;
			buildActionMask = 2147483647;
			files = (
				C9643A6E25E6C3A60038B764 /* Assets.xcassets in Resources */,
			);
			runOnlyForDeploymentPostprocessing = 0;
		};
		C9643A6425E6C3A60038B764 /* Resources */ = {
			isa = PBXResourcesBuildPhase;
			buildActionMask = 2147483647;
			files = (
				C9643A6F25E6C3A60038B764 /* Assets.xcassets in Resources */,
			);
			runOnlyForDeploymentPostprocessing = 0;
		};
/* End PBXResourcesBuildPhase section */

/* Begin PBXSourcesBuildPhase section */
		C9643A5A25E6C3A60038B764 /* Sources */ = {
			isa = PBXSourcesBuildPhase;
			buildActionMask = 2147483647;
			files = (
				C9643A7B25E6C3BA0038B764 /* ContentView1.swift in Sources */,
				C9643A8025E6C3C40038B764 /* ContentView2.swift in Sources */,
				C9643A6C25E6C3A60038B764 /* ContentView.swift in Sources */,
				C9643A8A25E6C3DA0038B764 /* ContentView4.swift in Sources */,
				C9643A8525E6C3CE0038B764 /* ContentView3.swift in Sources */,
				C9643A6A25E6C3A60038B764 /* SwiftUIListApp.swift in Sources */,
			);
			runOnlyForDeploymentPostprocessing = 0;
		};
		C9643A6225E6C3A60038B764 /* Sources */ = {
			isa = PBXSourcesBuildPhase;
			buildActionMask = 2147483647;
			files = (
				C9643A7C25E6C3BA0038B764 /* ContentView1.swift in Sources */,
				C9643A8125E6C3C40038B764 /* ContentView2.swift in Sources */,
				C9643A6D25E6C3A60038B764 /* ContentView.swift in Sources */,
				C9643A8B25E6C3DA0038B764 /* ContentView4.swift in Sources */,
				C9643A8625E6C3CE0038B764 /* ContentView3.swift in Sources */,
				C9643A6B25E6C3A60038B764 /* SwiftUIListApp.swift in Sources */,
			);
			runOnlyForDeploymentPostprocessing = 0;
		};
/* End PBXSourcesBuildPhase section */

/* Begin XCBuildConfiguration section */
		C9643A7025E6C3A60038B764 /* Debug */ = {
			isa = XCBuildConfiguration;
			buildSettings = {
				ALWAYS_SEARCH_USER_PATHS = NO;
				CLANG_ANALYZER_NONNULL = YES;
				CLANG_ANALYZER_NUMBER_OBJECT_CONVERSION = YES_AGGRESSIVE;
				CLANG_CXX_LANGUAGE_STANDARD = "gnu++14";
				CLANG_CXX_LIBRARY = "libc++";
				CLANG_ENABLE_MODULES = YES;
				CLANG_ENABLE_OBJC_ARC = YES;
				CLANG_ENABLE_OBJC_WEAK = YES;
				CLANG_WARN_BLOCK_CAPTURE_AUTORELEASING = YES;
				CLANG_WARN_BOOL_CONVERSION = YES;
				CLANG_WARN_COMMA = YES;
				CLANG_WARN_CONSTANT_CONVERSION = YES;
				CLANG_WARN_DEPRECATED_OBJC_IMPLEMENTATIONS = YES;
				CLANG_WARN_DIRECT_OBJC_ISA_USAGE = YES_ERROR;
				CLANG_WARN_DOCUMENTATION_COMMENTS = YES;
				CLANG_WARN_EMPTY_BODY = YES;
				CLANG_WARN_ENUM_CONVERSION = YES;
				CLANG_WARN_INFINITE_RECURSION = YES;
				CLANG_WARN_INT_CONVERSION = YES;
				CLANG_WARN_NON_LITERAL_NULL_CONVERSION = YES;
				CLANG_WARN_OBJC_IMPLICIT_RETAIN_SELF = YES;
				CLANG_WARN_OBJC_LITERAL_CONVERSION = YES;
				CLANG_WARN_OBJC_ROOT_CLASS = YES_ERROR;
				CLANG_WARN_QUOTED_INCLUDE_IN_FRAMEWORK_HEADER = YES;
				CLANG_WARN_RANGE_LOOP_ANALYSIS = YES;
				CLANG_WARN_STRICT_PROTOTYPES = YES;
				CLANG_WARN_SUSPICIOUS_MOVE = YES;
				CLANG_WARN_UNGUARDED_AVAILABILITY = YES_AGGRESSIVE;
				CLANG_WARN_UNREACHABLE_CODE = YES;
				CLANG_WARN__DUPLICATE_METHOD_MATCH = YES;
				COPY_PHASE_STRIP = NO;
				DEBUG_INFORMATION_FORMAT = dwarf;
				ENABLE_STRICT_OBJC_MSGSEND = YES;
				ENABLE_TESTABILITY = YES;
				GCC_C_LANGUAGE_STANDARD = gnu11;
				GCC_DYNAMIC_NO_PIC = NO;
				GCC_NO_COMMON_BLOCKS = YES;
				GCC_OPTIMIZATION_LEVEL = 0;
				GCC_PREPROCESSOR_DEFINITIONS = (
					"DEBUG=1",
					"$(inherited)",
				);
				GCC_WARN_64_TO_32_BIT_CONVERSION = YES;
				GCC_WARN_ABOUT_RETURN_TYPE = YES_ERROR;
				GCC_WARN_UNDECLARED_SELECTOR = YES;
				GCC_WARN_UNINITIALIZED_AUTOS = YES_AGGRESSIVE;
				GCC_WARN_UNUSED_FUNCTION = YES;
				GCC_WARN_UNUSED_VARIABLE = YES;
				MTL_ENABLE_DEBUG_INFO = INCLUDE_SOURCE;
				MTL_FAST_MATH = YES;
				ONLY_ACTIVE_ARCH = YES;
				SWIFT_ACTIVE_COMPILATION_CONDITIONS = DEBUG;
				SWIFT_OPTIMIZATION_LEVEL = "-Onone";
			};
			name = Debug;
		};
		C9643A7125E6C3A60038B764 /* Release */ = {
			isa = XCBuildConfiguration;
			buildSettings = {
				ALWAYS_SEARCH_USER_PATHS = NO;
				CLANG_ANALYZER_NONNULL = YES;
				CLANG_ANALYZER_NUMBER_OBJECT_CONVERSION = YES_AGGRESSIVE;
				CLANG_CXX_LANGUAGE_STANDARD = "gnu++14";
				CLANG_CXX_LIBRARY = "libc++";
				CLANG_ENABLE_MODULES = YES;
				CLANG_ENABLE_OBJC_ARC = YES;
				CLANG_ENABLE_OBJC_WEAK = YES;
				CLANG_WARN_BLOCK_CAPTURE_AUTORELEASING = YES;
				CLANG_WARN_BOOL_CONVERSION = YES;
				CLANG_WARN_COMMA = YES;
				CLANG_WARN_CONSTANT_CONVERSION = YES;
				CLANG_WARN_DEPRECATED_OBJC_IMPLEMENTATIONS = YES;
				CLANG_WARN_DIRECT_OBJC_ISA_USAGE = YES_ERROR;
				CLANG_WARN_DOCUMENTATION_COMMENTS = YES;
				CLANG_WARN_EMPTY_BODY = YES;
				CLANG_WARN_ENUM_CONVERSION = YES;
				CLANG_WARN_INFINITE_RECURSION = YES;
				CLANG_WARN_INT_CONVERSION = YES;
				CLANG_WARN_NON_LITERAL_NULL_CONVERSION = YES;
				CLANG_WARN_OBJC_IMPLICIT_RETAIN_SELF = YES;
				CLANG_WARN_OBJC_LITERAL_CONVERSION = YES;
				CLANG_WARN_OBJC_ROOT_CLASS = YES_ERROR;
				CLANG_WARN_QUOTED_INCLUDE_IN_FRAMEWORK_HEADER = YES;
				CLANG_WARN_RANGE_LOOP_ANALYSIS = YES;
				CLANG_WARN_STRICT_PROTOTYPES = YES;
				CLANG_WARN_SUSPICIOUS_MOVE = YES;
				CLANG_WARN_UNGUARDED_AVAILABILITY = YES_AGGRESSIVE;
				CLANG_WARN_UNREACHABLE_CODE = YES;
				CLANG_WARN__DUPLICATE_METHOD_MATCH = YES;
				COPY_PHASE_STRIP = NO;
				DEBUG_INFORMATION_FORMAT = "dwarf-with-dsym";
				ENABLE_NS_ASSERTIONS = NO;
				ENABLE_STRICT_OBJC_MSGSEND = YES;
				GCC_C_LANGUAGE_STANDARD = gnu11;
				GCC_NO_COMMON_BLOCKS = YES;
				GCC_WARN_64_TO_32_BIT_CONVERSION = YES;
				GCC_WARN_ABOUT_RETURN_TYPE = YES_ERROR;
				GCC_WARN_UNDECLARED_SELECTOR = YES;
				GCC_WARN_UNINITIALIZED_AUTOS = YES_AGGRESSIVE;
				GCC_WARN_UNUSED_FUNCTION = YES;
				GCC_WARN_UNUSED_VARIABLE = YES;
				MTL_ENABLE_DEBUG_INFO = NO;
				MTL_FAST_MATH = YES;
				SWIFT_COMPILATION_MODE = wholemodule;
				SWIFT_OPTIMIZATION_LEVEL = "-O";
			};
			name = Release;
		};
		C9643A7325E6C3A60038B764 /* Debug */ = {
			isa = XCBuildConfiguration;
			buildSettings = {
				ASSETCATALOG_COMPILER_APPICON_NAME = AppIcon;
				ASSETCATALOG_COMPILER_GLOBAL_ACCENT_COLOR_NAME = AccentColor;
				CODE_SIGN_STYLE = Automatic;
				DEVELOPMENT_TEAM = R252PR8AVU;
				ENABLE_PREVIEWS = YES;
				INFOPLIST_FILE = iOS/Info.plist;
				IPHONEOS_DEPLOYMENT_TARGET = 14.0;
				LD_RUNPATH_SEARCH_PATHS = (
					"$(inherited)",
					"@executable_path/Frameworks",
				);
				PRODUCT_BUNDLE_IDENTIFIER = com.rebeloper.SwiftUIList;
				PRODUCT_NAME = SwiftUIList;
				SDKROOT = iphoneos;
				SWIFT_VERSION = 5.0;
				TARGETED_DEVICE_FAMILY = "1,2";
			};
			name = Debug;
		};
		C9643A7425E6C3A60038B764 /* Release */ = {
			isa = XCBuildConfiguration;
			buildSettings = {
				ASSETCATALOG_COMPILER_APPICON_NAME = AppIcon;
				ASSETCATALOG_COMPILER_GLOBAL_ACCENT_COLOR_NAME = AccentColor;
				CODE_SIGN_STYLE = Automatic;
				DEVELOPMENT_TEAM = R252PR8AVU;
				ENABLE_PREVIEWS = YES;
				INFOPLIST_FILE = iOS/Info.plist;
				IPHONEOS_DEPLOYMENT_TARGET = 14.0;
				LD_RUNPATH_SEARCH_PATHS = (
					"$(inherited)",
					"@executable_path/Frameworks",
				);
				PRODUCT_BUNDLE_IDENTIFIER = com.rebeloper.SwiftUIList;
				PRODUCT_NAME = SwiftUIList;
				SDKROOT = iphoneos;
				SWIFT_VERSION = 5.0;
				TARGETED_DEVICE_FAMILY = "1,2";
				VALIDATE_PRODUCT = YES;
			};
			name = Release;
		};
		C9643A7625E6C3A60038B764 /* Debug */ = {
			isa = XCBuildConfiguration;
			buildSettings = {
				ASSETCATALOG_COMPILER_APPICON_NAME = AppIcon;
				ASSETCATALOG_COMPILER_GLOBAL_ACCENT_COLOR_NAME = AccentColor;
				CODE_SIGN_ENTITLEMENTS = macOS/macOS.entitlements;
				CODE_SIGN_STYLE = Automatic;
				COMBINE_HIDPI_IMAGES = YES;
				DEVELOPMENT_TEAM = R252PR8AVU;
				ENABLE_HARDENED_RUNTIME = YES;
				ENABLE_PREVIEWS = YES;
				INFOPLIST_FILE = macOS/Info.plist;
				LD_RUNPATH_SEARCH_PATHS = (
					"$(inherited)",
					"@executable_path/../Frameworks",
				);
				MACOSX_DEPLOYMENT_TARGET = 11.0;
				PRODUCT_BUNDLE_IDENTIFIER = com.rebeloper.SwiftUIList;
				PRODUCT_NAME = SwiftUIList;
				SDKROOT = macosx;
				SWIFT_VERSION = 5.0;
			};
			name = Debug;
		};
		C9643A7725E6C3A60038B764 /* Release */ = {
			isa = XCBuildConfiguration;
			buildSettings = {
				ASSETCATALOG_COMPILER_APPICON_NAME = AppIcon;
				ASSETCATALOG_COMPILER_GLOBAL_ACCENT_COLOR_NAME = AccentColor;
				CODE_SIGN_ENTITLEMENTS = macOS/macOS.entitlements;
				CODE_SIGN_STYLE = Automatic;
				COMBINE_HIDPI_IMAGES = YES;
				DEVELOPMENT_TEAM = R252PR8AVU;
				ENABLE_HARDENED_RUNTIME = YES;
				ENABLE_PREVIEWS = YES;
				INFOPLIST_FILE = macOS/Info.plist;
				LD_RUNPATH_SEARCH_PATHS = (
					"$(inherited)",
					"@executable_path/../Frameworks",
				);
				MACOSX_DEPLOYMENT_TARGET = 11.0;
				PRODUCT_BUNDLE_IDENTIFIER = com.rebeloper.SwiftUIList;
				PRODUCT_NAME = SwiftUIList;
				SDKROOT = macosx;
				SWIFT_VERSION = 5.0;
			};
			name = Release;
		};
/* End XCBuildConfiguration section */

/* Begin XCConfigurationList section */
		C9643A5525E6C3A40038B764 /* Build configuration list for PBXProject "SwiftUIList" */ = {
			isa = XCConfigurationList;
			buildConfigurations = (
				C9643A7025E6C3A60038B764 /* Debug */,
				C9643A7125E6C3A60038B764 /* Release */,
			);
			defaultConfigurationIsVisible = 0;
			defaultConfigurationName = Release;
		};
		C9643A7225E6C3A60038B764 /* Build configuration list for PBXNativeTarget "SwiftUIList (iOS)" */ = {
			isa = XCConfigurationList;
			buildConfigurations = (
				C9643A7325E6C3A60038B764 /* Debug */,
				C9643A7425E6C3A60038B764 /* Release */,
			);
			defaultConfigurationIsVisible = 0;
			defaultConfigurationName = Release;
		};
		C9643A7525E6C3A60038B764 /* Build configuration list for PBXNativeTarget "SwiftUIList (macOS)" */ = {
			isa = XCConfigurationList;
			buildConfigurations = (
				C9643A7625E6C3A60038B764 /* Debug */,
				C9643A7725E6C3A60038B764 /* Release */,
			);
			defaultConfigurationIsVisible = 0;
			defaultConfigurationName = Release;
		};
/* End XCConfigurationList section */
	};
	rootObject = C9643A5225E6C3A40038B764 /* Project object */;
}
